
Microsoft Visual Studio Solution File, Format Version 12.00
# Visual Studio Version 17
VisualStudioVersion = 17.10.35027.167
MinimumVisualStudioVersion = 10.0.40219.1
Project("{9A19103F-16F7-4668-BE54-9A1E7A4F7556}") = "LeetCodeDaily", "LeetCodeDaily\LeetCodeDaily.csproj", "{C2342A45-EC9E-4368-A7CE-29333AD54101}"
EndProject
Project("{2150E333-8FDC-42A3-9474-1A3956D46DE8}") = "Problems", "Problems", "{7C0406F4-177F-4571-8741-A5EB88DB5B26}"
EndProject
Project("{9A19103F-16F7-4668-BE54-9A1E7A4F7556}") = "2191. Sort the Jumbled Numbers", "Problems\2191. Sort the Jumbled Numbers\2191. Sort the Jumbled Numbers.csproj", "{EF1B3A67-D8EC-4AC8-8A67-61CAC4E7F827}"
EndProject
Project("{9A19103F-16F7-4668-BE54-9A1E7A4F7556}") = "14. Longest Common Prefix", "Problems\14. Longest Common Prefix\14. Longest Common Prefix.csproj", "{0506E513-44F8-424F-A2FB-B228CDF8CDC3}"
EndProject
Project("{9A19103F-16F7-4668-BE54-9A1E7A4F7556}") = "2094. Finding 3-Digit Even Numbers", "Problems\2094. Finding 3-Digit Even Numbers\2094. Finding 3-Digit Even Numbers.csproj", "{AF7B0BBB-A581-4AEA-902A-4E6309009017}"
EndProject
Project("{9A19103F-16F7-4668-BE54-9A1E7A4F7556}") = "2108. Find First Palindromic String in the Array", "Problems\2108. Find First Palindromic String in the Array\2108. Find First Palindromic String in the Array.csproj", "{1D4F95DA-45A5-4B1C-8566-37471553286E}"
EndProject
Project("{9A19103F-16F7-4668-BE54-9A1E7A4F7556}") = "2181. Merge Nodes in Between Zeros", "Problems\2181. Merge Nodes in Between Zeros\2181. Merge Nodes in Between Zeros.csproj", "{FD4B5AC3-5CFE-4DF0-823A-185C3B42187D}"
EndProject
Project("{9A19103F-16F7-4668-BE54-9A1E7A4F7556}") = "706. Design HashMap", "Problems\706. Design HashMap\706. Design HashMap.csproj", "{CD15EDAB-D482-4C43-83DB-BB811D7B0E36}"
EndProject
Project("{9A19103F-16F7-4668-BE54-9A1E7A4F7556}") = "278. First Bad Version", "Problems\278. First Bad Version\278. First Bad Version.csproj", "{CF735B73-D592-405D-8D99-05B54BC9AFC2}"
EndProject
Project("{9A19103F-16F7-4668-BE54-9A1E7A4F7556}") = "217. Contains Duplicate", "Problems\217. Contains Duplicate\217. Contains Duplicate.csproj", "{4FBE1A26-692B-462F-BD79-1F1C701CB518}"
EndProject
Project("{9A19103F-16F7-4668-BE54-9A1E7A4F7556}") = "476. Number Complement", "Problems\476. Number Complement\476. Number Complement.csproj", "{CCA25339-B75B-46DF-ABA1-09DFDD50B3F7}"
EndProject
Project("{9A19103F-16F7-4668-BE54-9A1E7A4F7556}") = "200. Number of Islands", "Problems\200. Number of Islands\200. Number of Islands.csproj", "{64E2EC79-74B8-4E6D-91A4-EC16C6EFF971}"
EndProject
Project("{9A19103F-16F7-4668-BE54-9A1E7A4F7556}") = "20. Valid Parentheses", "Problems\20. Valid Parentheses\20. Valid Parentheses.csproj", "{00E4F20F-E57C-4A7C-B017-B4AB61353F66}"
EndProject
Project("{9A19103F-16F7-4668-BE54-9A1E7A4F7556}") = "35. Search Insert Position", "Problems\35. Search Insert Position\35. Search Insert Position.csproj", "{70E158A0-8EAC-49EC-8F78-553CF2599DB4}"
EndProject
Project("{9A19103F-16F7-4668-BE54-9A1E7A4F7556}") = "1894. Find the Student that Will Replace the Chalk", "Problems\1894. Find the Student that Will Replace the Chalk\1894. Find the Student that Will Replace the Chalk.csproj", "{E81DABD2-91EF-42ED-BB88-CAFD27613D40}"
EndProject
Project("{9A19103F-16F7-4668-BE54-9A1E7A4F7556}") = "1945. Sum of Digits of String After Convert", "Problems\1945. Sum of Digits of String After Convert\1945. Sum of Digits of String After Convert.csproj", "{CC428C60-6D2C-46F3-BCBC-68D94D605C68}"
EndProject
Project("{9A19103F-16F7-4668-BE54-9A1E7A4F7556}") = "1941. Check if All Characters Have Equal Number of Occurrences", "Problems\1941. Check if All Characters Have Equal Number of Occurrences\1941. Check if All Characters Have Equal Number of Occurrences.csproj", "{7A3F48B3-6B6B-4C73-8E6F-9C832C32F7C1}"
EndProject
Project("{9A19103F-16F7-4668-BE54-9A1E7A4F7556}") = "58. Length of Last Word", "Problems\58. Length of Last Word\58. Length of Last Word.csproj", "{A064F3FE-7A7D-49CB-87BB-00540AF37391}"
EndProject
Project("{9A19103F-16F7-4668-BE54-9A1E7A4F7556}") = "874. Walking Robot Simulation", "Problems\874. Walking Robot Simulation\874. Walking Robot Simulation.csproj", "{508AEF2C-5693-431F-93D6-0A5E886A4F43}"
EndProject
Project("{9A19103F-16F7-4668-BE54-9A1E7A4F7556}") = "191. Number of 1 Bits", "Problems\191. Number of 1 Bits\191. Number of 1 Bits.csproj", "{5E800F57-A217-4ADB-94BB-9C9DCE7FA4CD}"
EndProject
Project("{9A19103F-16F7-4668-BE54-9A1E7A4F7556}") = "136. Single Number", "Problems\136. Single Number\136. Single Number.csproj", "{0C8DB3A0-A8DF-4D86-9D90-85AA4F6F0F40}"
EndProject
Project("{9A19103F-16F7-4668-BE54-9A1E7A4F7556}") = "137. Single Number II", "Problems\137. Single Number II\137. Single Number II.csproj", "{C797758C-5603-48AE-9CEC-2555B4D38D65}"
EndProject
Project("{9A19103F-16F7-4668-BE54-9A1E7A4F7556}") = "2028. Find Missing Observations", "Problems\2028. Find Missing Observations\2028. Find Missing Observations.csproj", "{5705C663-534E-44E1-841A-49313F28C814}"
EndProject
Project("{9A19103F-16F7-4668-BE54-9A1E7A4F7556}") = "3217. Delete Nodes From Linked List Present in Array", "Problems\3217. Delete Nodes From Linked List Present in Array\3217. Delete Nodes From Linked List Present in Array.csproj", "{8FC6773C-B300-4EC6-8677-016064683C7C}"
EndProject
Project("{9A19103F-16F7-4668-BE54-9A1E7A4F7556}") = "1486. XOR Operation in an Array", "Problems\1486. XOR Operation in an Array\1486. XOR Operation in an Array.csproj", "{330E7582-362E-4BF3-AFBB-7D85B3659B5C}"
EndProject
Project("{9A19103F-16F7-4668-BE54-9A1E7A4F7556}") = "2658. Maximum Number of Fish in a Grid", "Problems\2658. Maximum Number of Fish in a Grid\2658. Maximum Number of Fish in a Grid.csproj", "{0B99D425-0A9C-43C7-9499-F4754520C9F5}"
EndProject
Project("{9A19103F-16F7-4668-BE54-9A1E7A4F7556}") = "2744. Find Maximum Number of String Pairs", "Problems\2744. Find Maximum Number of String Pairs\2744. Find Maximum Number of String Pairs.csproj", "{F7F34BD3-B2BA-4BB6-9AFC-90D0E3596CAC}"
EndProject
Project("{9A19103F-16F7-4668-BE54-9A1E7A4F7556}") = "2778. Sum of Squares of Special Elements", "Problems\2778. Sum of Squares of Special Elements\2778. Sum of Squares of Special Elements.csproj", "{19A2AE44-6FF1-4948-A05B-350F4BE12E20}"
EndProject
Project("{9A19103F-16F7-4668-BE54-9A1E7A4F7556}") = "2807. Insert Greatest Common Divisors in Linked List", "Problems\2807. Insert Greatest Common Divisors in Linked List\2807. Insert Greatest Common Divisors in Linked List.csproj", "{DE361EAF-DDDF-4A8F-B81D-F36819E49106}"
EndProject
Project("{9A19103F-16F7-4668-BE54-9A1E7A4F7556}") = "2220. Minimum Bit Flips to Convert Number", "Problems\2220. Minimum Bit Flips to Convert Number\2220. Minimum Bit Flips to Convert Number.csproj", "{3F07E1B5-8E65-40EF-A60C-852B0A00DCA3}"
EndProject
Project("{9A19103F-16F7-4668-BE54-9A1E7A4F7556}") = "1684. Count the Number of Consistent Strings", "Problems\1684. Count the Number of Consistent Strings\1684. Count the Number of Consistent Strings.csproj", "{69DA993B-1593-4250-978C-5C769C5E6BE6}"
EndProject
Project("{9A19103F-16F7-4668-BE54-9A1E7A4F7556}") = "1310. XOR Queries of a Subarray", "Problems\1310. XOR Queries of a Subarray\1310. XOR Queries of a Subarray.csproj", "{6839D947-019A-40B1-AF96-9AABBE5DC067}"
EndProject
Project("{9A19103F-16F7-4668-BE54-9A1E7A4F7556}") = "1309. Decrypt String from Alphabet to Integer Mapping", "Problems\1309. Decrypt String from Alphabet to Integer Mapping\1309. Decrypt String from Alphabet to Integer Mapping.csproj", "{B426CB38-FCF4-44BF-B93D-486D0C1618E1}"
EndProject
Project("{9A19103F-16F7-4668-BE54-9A1E7A4F7556}") = "1304. Find N Unique Integers Sum up to Zero", "Problems\1304. Find N Unique Integers Sum up to Zero\1304. Find N Unique Integers Sum up to Zero.csproj", "{9B414A9C-FD34-4225-9602-EEDAFDC6D8C2}"
EndProject
Project("{9A19103F-16F7-4668-BE54-9A1E7A4F7556}") = "2696. Minimum String Length After Removing Substrings", "Problems\2696. Minimum String Length After Removing Substrings\2696. Minimum String Length After Removing Substrings.csproj", "{ED9A327F-C0AE-431D-B8B2-65F62110DEE7}"
EndProject
Project("{9A19103F-16F7-4668-BE54-9A1E7A4F7556}") = "179. Largest Number", "Problems\179. Largest Number\179. Largest Number.csproj", "{AC4DF912-077A-4A9A-8A56-8BFC0CFE54E0}"
EndProject
Project("{9A19103F-16F7-4668-BE54-9A1E7A4F7556}") = "539. Minimum Time Difference", "Problems\539. Minimum Time Difference\539. Minimum Time Difference.csproj", "{B7A641BA-4301-4D1D-9D32-F5CA95254ADA}"
EndProject
Project("{9A19103F-16F7-4668-BE54-9A1E7A4F7556}") = "884. Uncommon Words from Two Sentences", "Problems\884. Uncommon Words from Two Sentences\884. Uncommon Words from Two Sentences.csproj", "{57090BEC-FFEC-45D9-9BD7-401CB8AE4180}"
EndProject
Project("{9A19103F-16F7-4668-BE54-9A1E7A4F7556}") = "883. Projection Area of 3D Shapes", "Problems\883. Projection Area of 3D Shapes\883. Projection Area of 3D Shapes.csproj", "{A72088BF-4E97-49A8-B766-6A9930107F8D}"
EndProject
Project("{9A19103F-16F7-4668-BE54-9A1E7A4F7556}") = "2287. Rearrange Characters to Make Target String", "Problems\2287. Rearrange Characters to Make Target String\2287. Rearrange Characters to Make Target String.csproj", "{CE5D6AC4-F110-4413-B28A-321A81630EA7}"
EndProject
Project("{9A19103F-16F7-4668-BE54-9A1E7A4F7556}") = "2283. Check if Number Has Equal Digit Count and Digit Value", "Problems\2283. Check if Number Has Equal Digit Count and Digit Value\2283. Check if Number Has Equal Digit Count and Digit Value.csproj", "{420D7771-925E-46C9-9346-6F0295214A81}"
EndProject
Project("{9A19103F-16F7-4668-BE54-9A1E7A4F7556}") = "2574. Left and Right Sum Differences", "Problems\2574. Left and Right Sum Differences\2574. Left and Right Sum Differences.csproj", "{AE882EDE-B65D-4568-9645-2A699E92ACBF}"
EndProject
Project("{9A19103F-16F7-4668-BE54-9A1E7A4F7556}") = "1455. Check If a Word Occurs As a Prefix of Any Word in a Sentence", "Problems\1455. Check If a Word Occurs As a Prefix of Any Word in a Sentence\1455. Check If a Word Occurs As a Prefix of Any Word in a Sentence.csproj", "{7AF9E97B-6447-4A55-A9DB-C2BC54A9A418}"
EndProject
Project("{9A19103F-16F7-4668-BE54-9A1E7A4F7556}") = "2825. Make String a Subsequence Using Cyclic Increments", "Problems\2825. Make String a Subsequence Using Cyclic Increments\2825. Make String a Subsequence Using Cyclic Increments.csproj", "{4F21C0A6-E8BD-40BC-8F49-294AFBE89B0D}"
EndProject
Project("{9A19103F-16F7-4668-BE54-9A1E7A4F7556}") = "2554. Maximum Number of Integers to Choose From a Range I", "Problems\2554. Maximum Number of Integers to Choose From a Range I\2554. Maximum Number of Integers to Choose From a Range I.csproj", "{0B179637-F8F1-45AB-AD8B-AFD00CC485DE}"
EndProject
Project("{9A19103F-16F7-4668-BE54-9A1E7A4F7556}") = "232. Implement Queue using Stacks", "Problems\232. Implement Queue using Stacks\232. Implement Queue using Stacks.csproj", "{D6885E9F-7C4C-43F3-BDD5-FE3E2721C802}"
EndProject
Project("{9A19103F-16F7-4668-BE54-9A1E7A4F7556}") = "231. Power of Two", "Problems\231. Power of Two\231. Power of Two.csproj", "{826222F9-D51E-4F50-9882-A3F49950862A}"
EndProject
Project("{9A19103F-16F7-4668-BE54-9A1E7A4F7556}") = "3152. Special Array II", "Problems\3152. Special Array II\3152. Special Array II.csproj", "{FE641DED-CE5A-450A-A44B-72DBF04E285A}"
EndProject
Project("{9A19103F-16F7-4668-BE54-9A1E7A4F7556}") = "2779. Maximum Beauty of an Array After Applying Operation", "Problems\2779. Maximum Beauty of an Array After Applying Operation\2779. Maximum Beauty of an Array After Applying Operation.csproj", "{19F8BD0D-443F-4CCC-A72C-1084F8F5E04E}"
EndProject
Project("{9A19103F-16F7-4668-BE54-9A1E7A4F7556}") = "2558. Take Gifts From the Richest Pile", "Problems\2558. Take Gifts From the Richest Pile\2558. Take Gifts From the Richest Pile.csproj", "{0CD9C85F-2140-4B86-9FBE-1274CD430520}"
EndProject
Project("{9A19103F-16F7-4668-BE54-9A1E7A4F7556}") = "2593. Find Score of an Array After Marking All Elements", "Problems\2593. Find Score of an Array After Marking All Elements\2593. Find Score of an Array After Marking All Elements.csproj", "{C12CE240-1A78-468F-B3BF-F1A75208E21F}"
EndProject
Project("{9A19103F-16F7-4668-BE54-9A1E7A4F7556}") = "769. Max Chunks To Make Sorted", "Problems\769. Max Chunks To Make Sorted\769. Max Chunks To Make Sorted.csproj", "{26773D48-7219-4534-AD75-C01E094CB336}"
EndProject
Project("{9A19103F-16F7-4668-BE54-9A1E7A4F7556}") = "374. Guess Number Higher or Lower", "Problems\374. Guess Number Higher or Lower\374. Guess Number Higher or Lower.csproj", "{A0D15535-5B16-4504-AEA8-D7463DE34D27}"
EndProject
Project("{9A19103F-16F7-4668-BE54-9A1E7A4F7556}") = "2578. Split With Minimum Sum", "Problems\2578. Split With Minimum Sum\2578. Split With Minimum Sum.csproj", "{D2CAC480-5DBF-43BE-8CD8-C6FF263BD684}"
EndProject
Project("{9A19103F-16F7-4668-BE54-9A1E7A4F7556}") = "125. Valid Palindrome", "Problems\125. Valid Palindrome\125. Valid Palindrome.csproj", "{6313229F-4D85-428C-9E70-5DE737BBF84B}"
EndProject
Project("{9A19103F-16F7-4668-BE54-9A1E7A4F7556}") = "202. Happy Number", "Problems\202. Happy Number\202. Happy Number.csproj", "{164EAEE9-78C5-4300-AB53-3208889F7BE1}"
EndProject
Project("{9A19103F-16F7-4668-BE54-9A1E7A4F7556}") = "242. Valid Anagram", "Problems\242. Valid Anagram\242. Valid Anagram.csproj", "{4423269A-714E-4FAC-A15A-072093B4362D}"
EndProject
Project("{9A19103F-16F7-4668-BE54-9A1E7A4F7556}") = "1922. Count Good Numbers", "Problems\1922. Count Good Numbers\1922. Count Good Numbers.csproj", "{5F9D3531-8842-4F43-ADC3-0B0962228833}"
EndProject
Project("{9A19103F-16F7-4668-BE54-9A1E7A4F7556}") = "3375. Minimum Operations to Make Array Values Equal to K", "Problems\3375. Minimum Operations to Make Array Values Equal to K\3375. Minimum Operations to Make Array Values Equal to K.csproj", "{A39BE273-0ED6-4130-BF23-C6B2A3266EF1}"
EndProject
Project("{9A19103F-16F7-4668-BE54-9A1E7A4F7556}") = "1920. Build Array from Permutation", "Problems\1920. Build Array from Permutation\1920. Build Array from Permutation.csproj", "{03460108-FF8E-40A4-90C0-470405700A50}"
EndProject
Project("{9A19103F-16F7-4668-BE54-9A1E7A4F7556}") = "2900. Longest Unequal Adjacent Groups Subsequence I", "Problems\2900. Longest Unequal Adjacent Groups Subsequence I\2900. Longest Unequal Adjacent Groups Subsequence I.csproj", "{1D4E2F34-5428-45A2-9E4D-C2BA59EC025B}"
EndProject
Project("{9A19103F-16F7-4668-BE54-9A1E7A4F7556}") = "263. Ugly Number", "Problems\263. Ugly Number\263. Ugly Number.csproj", "{0291FB11-2D10-4899-8F9A-7B968E72F916}"
EndProject
Project("{9A19103F-16F7-4668-BE54-9A1E7A4F7556}") = "1980. Find Unique Binary String", "Problems\1980. Find Unique Binary String\1980. Find Unique Binary String.csproj", "{224D3957-C06A-4398-92AB-3D7DE6EEACF0}"
EndProject
Project("{9A19103F-16F7-4668-BE54-9A1E7A4F7556}") = "2460. Apply Operations to an Array", "Problems\2460. Apply Operations to an Array\2460. Apply Operations to an Array.csproj", "{A35B86B8-E5E7-43AF-B990-44C2A3C1BB95}"
EndProject
Project("{9A19103F-16F7-4668-BE54-9A1E7A4F7556}") = "2570. Merge Two 2D Arrays by Summing Values", "Problems\2570. Merge Two 2D Arrays by Summing Values\2570. Merge Two 2D Arrays by Summing Values.csproj", "{F05B7C33-5EB4-4601-A496-69C39A946945}"
EndProject
Project("{9A19103F-16F7-4668-BE54-9A1E7A4F7556}") = "1534. Count Good Triplets", "Problems\1534. Count Good Triplets\1534. Count Good Triplets.csproj", "{615B6515-FFA9-443F-BAC0-DEA1163C4B34}"
EndProject
Project("{9A19103F-16F7-4668-BE54-9A1E7A4F7556}") = "3024. Type of Triangle", "Problems\3024. Type of Triangle\3024. Type of Triangle.csproj", "{61F80C94-274B-4EE1-BC49-D52C1962458F}"
EndProject
Project("{9A19103F-16F7-4668-BE54-9A1E7A4F7556}") = "3355. Zero Array Transformation I", "Problems\3355. Zero Array Transformation I\3355. Zero Array Transformation I.csproj", "{F6BD0FCC-FD5F-4349-821A-5A814A175981}"
EndProject
Project("{9A19103F-16F7-4668-BE54-9A1E7A4F7556}") = "75. Sort Colors", "Problems\75. Sort Colors\75. Sort Colors.csproj", "{CB85AC92-6616-4299-8E2F-52543EC94190}"
EndProject
Global
	GlobalSection(SolutionConfigurationPlatforms) = preSolution
		Debug|Any CPU = Debug|Any CPU
		Release|Any CPU = Release|Any CPU
	EndGlobalSection
	GlobalSection(ProjectConfigurationPlatforms) = postSolution
		{C2342A45-EC9E-4368-A7CE-29333AD54101}.Debug|Any CPU.ActiveCfg = Debug|Any CPU
		{C2342A45-EC9E-4368-A7CE-29333AD54101}.Debug|Any CPU.Build.0 = Debug|Any CPU
		{C2342A45-EC9E-4368-A7CE-29333AD54101}.Release|Any CPU.ActiveCfg = Release|Any CPU
		{C2342A45-EC9E-4368-A7CE-29333AD54101}.Release|Any CPU.Build.0 = Release|Any CPU
		{EF1B3A67-D8EC-4AC8-8A67-61CAC4E7F827}.Debug|Any CPU.ActiveCfg = Debug|Any CPU
		{EF1B3A67-D8EC-4AC8-8A67-61CAC4E7F827}.Debug|Any CPU.Build.0 = Debug|Any CPU
		{EF1B3A67-D8EC-4AC8-8A67-61CAC4E7F827}.Release|Any CPU.ActiveCfg = Release|Any CPU
		{EF1B3A67-D8EC-4AC8-8A67-61CAC4E7F827}.Release|Any CPU.Build.0 = Release|Any CPU
		{0506E513-44F8-424F-A2FB-B228CDF8CDC3}.Debug|Any CPU.ActiveCfg = Debug|Any CPU
		{0506E513-44F8-424F-A2FB-B228CDF8CDC3}.Debug|Any CPU.Build.0 = Debug|Any CPU
		{0506E513-44F8-424F-A2FB-B228CDF8CDC3}.Release|Any CPU.ActiveCfg = Release|Any CPU
		{0506E513-44F8-424F-A2FB-B228CDF8CDC3}.Release|Any CPU.Build.0 = Release|Any CPU
		{AF7B0BBB-A581-4AEA-902A-4E6309009017}.Debug|Any CPU.ActiveCfg = Debug|Any CPU
		{AF7B0BBB-A581-4AEA-902A-4E6309009017}.Debug|Any CPU.Build.0 = Debug|Any CPU
		{AF7B0BBB-A581-4AEA-902A-4E6309009017}.Release|Any CPU.ActiveCfg = Release|Any CPU
		{AF7B0BBB-A581-4AEA-902A-4E6309009017}.Release|Any CPU.Build.0 = Release|Any CPU
		{1D4F95DA-45A5-4B1C-8566-37471553286E}.Debug|Any CPU.ActiveCfg = Debug|Any CPU
		{1D4F95DA-45A5-4B1C-8566-37471553286E}.Debug|Any CPU.Build.0 = Debug|Any CPU
		{1D4F95DA-45A5-4B1C-8566-37471553286E}.Release|Any CPU.ActiveCfg = Release|Any CPU
		{1D4F95DA-45A5-4B1C-8566-37471553286E}.Release|Any CPU.Build.0 = Release|Any CPU
		{FD4B5AC3-5CFE-4DF0-823A-185C3B42187D}.Debug|Any CPU.ActiveCfg = Debug|Any CPU
		{FD4B5AC3-5CFE-4DF0-823A-185C3B42187D}.Debug|Any CPU.Build.0 = Debug|Any CPU
		{FD4B5AC3-5CFE-4DF0-823A-185C3B42187D}.Release|Any CPU.ActiveCfg = Release|Any CPU
		{FD4B5AC3-5CFE-4DF0-823A-185C3B42187D}.Release|Any CPU.Build.0 = Release|Any CPU
		{CD15EDAB-D482-4C43-83DB-BB811D7B0E36}.Debug|Any CPU.ActiveCfg = Debug|Any CPU
		{CD15EDAB-D482-4C43-83DB-BB811D7B0E36}.Debug|Any CPU.Build.0 = Debug|Any CPU
		{CD15EDAB-D482-4C43-83DB-BB811D7B0E36}.Release|Any CPU.ActiveCfg = Release|Any CPU
		{CD15EDAB-D482-4C43-83DB-BB811D7B0E36}.Release|Any CPU.Build.0 = Release|Any CPU
		{CF735B73-D592-405D-8D99-05B54BC9AFC2}.Debug|Any CPU.ActiveCfg = Debug|Any CPU
		{CF735B73-D592-405D-8D99-05B54BC9AFC2}.Debug|Any CPU.Build.0 = Debug|Any CPU
		{CF735B73-D592-405D-8D99-05B54BC9AFC2}.Release|Any CPU.ActiveCfg = Release|Any CPU
		{CF735B73-D592-405D-8D99-05B54BC9AFC2}.Release|Any CPU.Build.0 = Release|Any CPU
		{4FBE1A26-692B-462F-BD79-1F1C701CB518}.Debug|Any CPU.ActiveCfg = Debug|Any CPU
		{4FBE1A26-692B-462F-BD79-1F1C701CB518}.Debug|Any CPU.Build.0 = Debug|Any CPU
		{4FBE1A26-692B-462F-BD79-1F1C701CB518}.Release|Any CPU.ActiveCfg = Release|Any CPU
		{4FBE1A26-692B-462F-BD79-1F1C701CB518}.Release|Any CPU.Build.0 = Release|Any CPU
		{CCA25339-B75B-46DF-ABA1-09DFDD50B3F7}.Debug|Any CPU.ActiveCfg = Debug|Any CPU
		{CCA25339-B75B-46DF-ABA1-09DFDD50B3F7}.Debug|Any CPU.Build.0 = Debug|Any CPU
		{CCA25339-B75B-46DF-ABA1-09DFDD50B3F7}.Release|Any CPU.ActiveCfg = Release|Any CPU
		{CCA25339-B75B-46DF-ABA1-09DFDD50B3F7}.Release|Any CPU.Build.0 = Release|Any CPU
		{64E2EC79-74B8-4E6D-91A4-EC16C6EFF971}.Debug|Any CPU.ActiveCfg = Debug|Any CPU
		{64E2EC79-74B8-4E6D-91A4-EC16C6EFF971}.Debug|Any CPU.Build.0 = Debug|Any CPU
		{64E2EC79-74B8-4E6D-91A4-EC16C6EFF971}.Release|Any CPU.ActiveCfg = Release|Any CPU
		{64E2EC79-74B8-4E6D-91A4-EC16C6EFF971}.Release|Any CPU.Build.0 = Release|Any CPU
		{00E4F20F-E57C-4A7C-B017-B4AB61353F66}.Debug|Any CPU.ActiveCfg = Debug|Any CPU
		{00E4F20F-E57C-4A7C-B017-B4AB61353F66}.Debug|Any CPU.Build.0 = Debug|Any CPU
		{00E4F20F-E57C-4A7C-B017-B4AB61353F66}.Release|Any CPU.ActiveCfg = Release|Any CPU
		{00E4F20F-E57C-4A7C-B017-B4AB61353F66}.Release|Any CPU.Build.0 = Release|Any CPU
		{70E158A0-8EAC-49EC-8F78-553CF2599DB4}.Debug|Any CPU.ActiveCfg = Debug|Any CPU
		{70E158A0-8EAC-49EC-8F78-553CF2599DB4}.Debug|Any CPU.Build.0 = Debug|Any CPU
		{70E158A0-8EAC-49EC-8F78-553CF2599DB4}.Release|Any CPU.ActiveCfg = Release|Any CPU
		{70E158A0-8EAC-49EC-8F78-553CF2599DB4}.Release|Any CPU.Build.0 = Release|Any CPU
		{E81DABD2-91EF-42ED-BB88-CAFD27613D40}.Debug|Any CPU.ActiveCfg = Debug|Any CPU
		{E81DABD2-91EF-42ED-BB88-CAFD27613D40}.Debug|Any CPU.Build.0 = Debug|Any CPU
		{E81DABD2-91EF-42ED-BB88-CAFD27613D40}.Release|Any CPU.ActiveCfg = Release|Any CPU
		{E81DABD2-91EF-42ED-BB88-CAFD27613D40}.Release|Any CPU.Build.0 = Release|Any CPU
		{CC428C60-6D2C-46F3-BCBC-68D94D605C68}.Debug|Any CPU.ActiveCfg = Debug|Any CPU
		{CC428C60-6D2C-46F3-BCBC-68D94D605C68}.Debug|Any CPU.Build.0 = Debug|Any CPU
		{CC428C60-6D2C-46F3-BCBC-68D94D605C68}.Release|Any CPU.ActiveCfg = Release|Any CPU
		{CC428C60-6D2C-46F3-BCBC-68D94D605C68}.Release|Any CPU.Build.0 = Release|Any CPU
		{7A3F48B3-6B6B-4C73-8E6F-9C832C32F7C1}.Debug|Any CPU.ActiveCfg = Debug|Any CPU
		{7A3F48B3-6B6B-4C73-8E6F-9C832C32F7C1}.Debug|Any CPU.Build.0 = Debug|Any CPU
		{7A3F48B3-6B6B-4C73-8E6F-9C832C32F7C1}.Release|Any CPU.ActiveCfg = Release|Any CPU
		{7A3F48B3-6B6B-4C73-8E6F-9C832C32F7C1}.Release|Any CPU.Build.0 = Release|Any CPU
		{A064F3FE-7A7D-49CB-87BB-00540AF37391}.Debug|Any CPU.ActiveCfg = Debug|Any CPU
		{A064F3FE-7A7D-49CB-87BB-00540AF37391}.Debug|Any CPU.Build.0 = Debug|Any CPU
		{A064F3FE-7A7D-49CB-87BB-00540AF37391}.Release|Any CPU.ActiveCfg = Release|Any CPU
		{A064F3FE-7A7D-49CB-87BB-00540AF37391}.Release|Any CPU.Build.0 = Release|Any CPU
		{508AEF2C-5693-431F-93D6-0A5E886A4F43}.Debug|Any CPU.ActiveCfg = Debug|Any CPU
		{508AEF2C-5693-431F-93D6-0A5E886A4F43}.Debug|Any CPU.Build.0 = Debug|Any CPU
		{508AEF2C-5693-431F-93D6-0A5E886A4F43}.Release|Any CPU.ActiveCfg = Release|Any CPU
		{508AEF2C-5693-431F-93D6-0A5E886A4F43}.Release|Any CPU.Build.0 = Release|Any CPU
		{5E800F57-A217-4ADB-94BB-9C9DCE7FA4CD}.Debug|Any CPU.ActiveCfg = Debug|Any CPU
		{5E800F57-A217-4ADB-94BB-9C9DCE7FA4CD}.Debug|Any CPU.Build.0 = Debug|Any CPU
		{5E800F57-A217-4ADB-94BB-9C9DCE7FA4CD}.Release|Any CPU.ActiveCfg = Release|Any CPU
		{5E800F57-A217-4ADB-94BB-9C9DCE7FA4CD}.Release|Any CPU.Build.0 = Release|Any CPU
		{0C8DB3A0-A8DF-4D86-9D90-85AA4F6F0F40}.Debug|Any CPU.ActiveCfg = Debug|Any CPU
		{0C8DB3A0-A8DF-4D86-9D90-85AA4F6F0F40}.Debug|Any CPU.Build.0 = Debug|Any CPU
		{0C8DB3A0-A8DF-4D86-9D90-85AA4F6F0F40}.Release|Any CPU.ActiveCfg = Release|Any CPU
		{0C8DB3A0-A8DF-4D86-9D90-85AA4F6F0F40}.Release|Any CPU.Build.0 = Release|Any CPU
		{C797758C-5603-48AE-9CEC-2555B4D38D65}.Debug|Any CPU.ActiveCfg = Debug|Any CPU
		{C797758C-5603-48AE-9CEC-2555B4D38D65}.Debug|Any CPU.Build.0 = Debug|Any CPU
		{C797758C-5603-48AE-9CEC-2555B4D38D65}.Release|Any CPU.ActiveCfg = Release|Any CPU
		{C797758C-5603-48AE-9CEC-2555B4D38D65}.Release|Any CPU.Build.0 = Release|Any CPU
		{5705C663-534E-44E1-841A-49313F28C814}.Debug|Any CPU.ActiveCfg = Debug|Any CPU
		{5705C663-534E-44E1-841A-49313F28C814}.Debug|Any CPU.Build.0 = Debug|Any CPU
		{5705C663-534E-44E1-841A-49313F28C814}.Release|Any CPU.ActiveCfg = Release|Any CPU
		{5705C663-534E-44E1-841A-49313F28C814}.Release|Any CPU.Build.0 = Release|Any CPU
		{8FC6773C-B300-4EC6-8677-016064683C7C}.Debug|Any CPU.ActiveCfg = Debug|Any CPU
		{8FC6773C-B300-4EC6-8677-016064683C7C}.Debug|Any CPU.Build.0 = Debug|Any CPU
		{8FC6773C-B300-4EC6-8677-016064683C7C}.Release|Any CPU.ActiveCfg = Release|Any CPU
		{8FC6773C-B300-4EC6-8677-016064683C7C}.Release|Any CPU.Build.0 = Release|Any CPU
		{330E7582-362E-4BF3-AFBB-7D85B3659B5C}.Debug|Any CPU.ActiveCfg = Debug|Any CPU
		{330E7582-362E-4BF3-AFBB-7D85B3659B5C}.Debug|Any CPU.Build.0 = Debug|Any CPU
		{330E7582-362E-4BF3-AFBB-7D85B3659B5C}.Release|Any CPU.ActiveCfg = Release|Any CPU
		{330E7582-362E-4BF3-AFBB-7D85B3659B5C}.Release|Any CPU.Build.0 = Release|Any CPU
		{0B99D425-0A9C-43C7-9499-F4754520C9F5}.Debug|Any CPU.ActiveCfg = Debug|Any CPU
		{0B99D425-0A9C-43C7-9499-F4754520C9F5}.Debug|Any CPU.Build.0 = Debug|Any CPU
		{0B99D425-0A9C-43C7-9499-F4754520C9F5}.Release|Any CPU.ActiveCfg = Release|Any CPU
		{0B99D425-0A9C-43C7-9499-F4754520C9F5}.Release|Any CPU.Build.0 = Release|Any CPU
		{F7F34BD3-B2BA-4BB6-9AFC-90D0E3596CAC}.Debug|Any CPU.ActiveCfg = Debug|Any CPU
		{F7F34BD3-B2BA-4BB6-9AFC-90D0E3596CAC}.Debug|Any CPU.Build.0 = Debug|Any CPU
		{F7F34BD3-B2BA-4BB6-9AFC-90D0E3596CAC}.Release|Any CPU.ActiveCfg = Release|Any CPU
		{F7F34BD3-B2BA-4BB6-9AFC-90D0E3596CAC}.Release|Any CPU.Build.0 = Release|Any CPU
		{19A2AE44-6FF1-4948-A05B-350F4BE12E20}.Debug|Any CPU.ActiveCfg = Debug|Any CPU
		{19A2AE44-6FF1-4948-A05B-350F4BE12E20}.Debug|Any CPU.Build.0 = Debug|Any CPU
		{19A2AE44-6FF1-4948-A05B-350F4BE12E20}.Release|Any CPU.ActiveCfg = Release|Any CPU
		{19A2AE44-6FF1-4948-A05B-350F4BE12E20}.Release|Any CPU.Build.0 = Release|Any CPU
		{DE361EAF-DDDF-4A8F-B81D-F36819E49106}.Debug|Any CPU.ActiveCfg = Debug|Any CPU
		{DE361EAF-DDDF-4A8F-B81D-F36819E49106}.Debug|Any CPU.Build.0 = Debug|Any CPU
		{DE361EAF-DDDF-4A8F-B81D-F36819E49106}.Release|Any CPU.ActiveCfg = Release|Any CPU
		{DE361EAF-DDDF-4A8F-B81D-F36819E49106}.Release|Any CPU.Build.0 = Release|Any CPU
		{3F07E1B5-8E65-40EF-A60C-852B0A00DCA3}.Debug|Any CPU.ActiveCfg = Debug|Any CPU
		{3F07E1B5-8E65-40EF-A60C-852B0A00DCA3}.Debug|Any CPU.Build.0 = Debug|Any CPU
		{3F07E1B5-8E65-40EF-A60C-852B0A00DCA3}.Release|Any CPU.ActiveCfg = Release|Any CPU
		{3F07E1B5-8E65-40EF-A60C-852B0A00DCA3}.Release|Any CPU.Build.0 = Release|Any CPU
		{69DA993B-1593-4250-978C-5C769C5E6BE6}.Debug|Any CPU.ActiveCfg = Debug|Any CPU
		{69DA993B-1593-4250-978C-5C769C5E6BE6}.Debug|Any CPU.Build.0 = Debug|Any CPU
		{69DA993B-1593-4250-978C-5C769C5E6BE6}.Release|Any CPU.ActiveCfg = Release|Any CPU
		{69DA993B-1593-4250-978C-5C769C5E6BE6}.Release|Any CPU.Build.0 = Release|Any CPU
		{6839D947-019A-40B1-AF96-9AABBE5DC067}.Debug|Any CPU.ActiveCfg = Debug|Any CPU
		{6839D947-019A-40B1-AF96-9AABBE5DC067}.Debug|Any CPU.Build.0 = Debug|Any CPU
		{6839D947-019A-40B1-AF96-9AABBE5DC067}.Release|Any CPU.ActiveCfg = Release|Any CPU
		{6839D947-019A-40B1-AF96-9AABBE5DC067}.Release|Any CPU.Build.0 = Release|Any CPU
		{B426CB38-FCF4-44BF-B93D-486D0C1618E1}.Debug|Any CPU.ActiveCfg = Debug|Any CPU
		{B426CB38-FCF4-44BF-B93D-486D0C1618E1}.Debug|Any CPU.Build.0 = Debug|Any CPU
		{B426CB38-FCF4-44BF-B93D-486D0C1618E1}.Release|Any CPU.ActiveCfg = Release|Any CPU
		{B426CB38-FCF4-44BF-B93D-486D0C1618E1}.Release|Any CPU.Build.0 = Release|Any CPU
		{9B414A9C-FD34-4225-9602-EEDAFDC6D8C2}.Debug|Any CPU.ActiveCfg = Debug|Any CPU
		{9B414A9C-FD34-4225-9602-EEDAFDC6D8C2}.Debug|Any CPU.Build.0 = Debug|Any CPU
		{9B414A9C-FD34-4225-9602-EEDAFDC6D8C2}.Release|Any CPU.ActiveCfg = Release|Any CPU
		{9B414A9C-FD34-4225-9602-EEDAFDC6D8C2}.Release|Any CPU.Build.0 = Release|Any CPU
		{ED9A327F-C0AE-431D-B8B2-65F62110DEE7}.Debug|Any CPU.ActiveCfg = Debug|Any CPU
		{ED9A327F-C0AE-431D-B8B2-65F62110DEE7}.Debug|Any CPU.Build.0 = Debug|Any CPU
		{ED9A327F-C0AE-431D-B8B2-65F62110DEE7}.Release|Any CPU.ActiveCfg = Release|Any CPU
		{ED9A327F-C0AE-431D-B8B2-65F62110DEE7}.Release|Any CPU.Build.0 = Release|Any CPU
		{AC4DF912-077A-4A9A-8A56-8BFC0CFE54E0}.Debug|Any CPU.ActiveCfg = Debug|Any CPU
		{AC4DF912-077A-4A9A-8A56-8BFC0CFE54E0}.Debug|Any CPU.Build.0 = Debug|Any CPU
		{AC4DF912-077A-4A9A-8A56-8BFC0CFE54E0}.Release|Any CPU.ActiveCfg = Release|Any CPU
		{AC4DF912-077A-4A9A-8A56-8BFC0CFE54E0}.Release|Any CPU.Build.0 = Release|Any CPU
		{B7A641BA-4301-4D1D-9D32-F5CA95254ADA}.Debug|Any CPU.ActiveCfg = Debug|Any CPU
		{B7A641BA-4301-4D1D-9D32-F5CA95254ADA}.Debug|Any CPU.Build.0 = Debug|Any CPU
		{B7A641BA-4301-4D1D-9D32-F5CA95254ADA}.Release|Any CPU.ActiveCfg = Release|Any CPU
		{B7A641BA-4301-4D1D-9D32-F5CA95254ADA}.Release|Any CPU.Build.0 = Release|Any CPU
		{57090BEC-FFEC-45D9-9BD7-401CB8AE4180}.Debug|Any CPU.ActiveCfg = Debug|Any CPU
		{57090BEC-FFEC-45D9-9BD7-401CB8AE4180}.Debug|Any CPU.Build.0 = Debug|Any CPU
		{57090BEC-FFEC-45D9-9BD7-401CB8AE4180}.Release|Any CPU.ActiveCfg = Release|Any CPU
		{57090BEC-FFEC-45D9-9BD7-401CB8AE4180}.Release|Any CPU.Build.0 = Release|Any CPU
		{A72088BF-4E97-49A8-B766-6A9930107F8D}.Debug|Any CPU.ActiveCfg = Debug|Any CPU
		{A72088BF-4E97-49A8-B766-6A9930107F8D}.Debug|Any CPU.Build.0 = Debug|Any CPU
		{A72088BF-4E97-49A8-B766-6A9930107F8D}.Release|Any CPU.ActiveCfg = Release|Any CPU
		{A72088BF-4E97-49A8-B766-6A9930107F8D}.Release|Any CPU.Build.0 = Release|Any CPU
		{CE5D6AC4-F110-4413-B28A-321A81630EA7}.Debug|Any CPU.ActiveCfg = Debug|Any CPU
		{CE5D6AC4-F110-4413-B28A-321A81630EA7}.Debug|Any CPU.Build.0 = Debug|Any CPU
		{CE5D6AC4-F110-4413-B28A-321A81630EA7}.Release|Any CPU.ActiveCfg = Release|Any CPU
		{CE5D6AC4-F110-4413-B28A-321A81630EA7}.Release|Any CPU.Build.0 = Release|Any CPU
		{420D7771-925E-46C9-9346-6F0295214A81}.Debug|Any CPU.ActiveCfg = Debug|Any CPU
		{420D7771-925E-46C9-9346-6F0295214A81}.Debug|Any CPU.Build.0 = Debug|Any CPU
		{420D7771-925E-46C9-9346-6F0295214A81}.Release|Any CPU.ActiveCfg = Release|Any CPU
		{420D7771-925E-46C9-9346-6F0295214A81}.Release|Any CPU.Build.0 = Release|Any CPU
		{AE882EDE-B65D-4568-9645-2A699E92ACBF}.Debug|Any CPU.ActiveCfg = Debug|Any CPU
		{AE882EDE-B65D-4568-9645-2A699E92ACBF}.Debug|Any CPU.Build.0 = Debug|Any CPU
		{AE882EDE-B65D-4568-9645-2A699E92ACBF}.Release|Any CPU.ActiveCfg = Release|Any CPU
		{AE882EDE-B65D-4568-9645-2A699E92ACBF}.Release|Any CPU.Build.0 = Release|Any CPU
		{7AF9E97B-6447-4A55-A9DB-C2BC54A9A418}.Debug|Any CPU.ActiveCfg = Debug|Any CPU
		{7AF9E97B-6447-4A55-A9DB-C2BC54A9A418}.Debug|Any CPU.Build.0 = Debug|Any CPU
		{7AF9E97B-6447-4A55-A9DB-C2BC54A9A418}.Release|Any CPU.ActiveCfg = Release|Any CPU
		{7AF9E97B-6447-4A55-A9DB-C2BC54A9A418}.Release|Any CPU.Build.0 = Release|Any CPU
		{4F21C0A6-E8BD-40BC-8F49-294AFBE89B0D}.Debug|Any CPU.ActiveCfg = Debug|Any CPU
		{4F21C0A6-E8BD-40BC-8F49-294AFBE89B0D}.Debug|Any CPU.Build.0 = Debug|Any CPU
		{4F21C0A6-E8BD-40BC-8F49-294AFBE89B0D}.Release|Any CPU.ActiveCfg = Release|Any CPU
		{4F21C0A6-E8BD-40BC-8F49-294AFBE89B0D}.Release|Any CPU.Build.0 = Release|Any CPU
		{0B179637-F8F1-45AB-AD8B-AFD00CC485DE}.Debug|Any CPU.ActiveCfg = Debug|Any CPU
		{0B179637-F8F1-45AB-AD8B-AFD00CC485DE}.Debug|Any CPU.Build.0 = Debug|Any CPU
		{0B179637-F8F1-45AB-AD8B-AFD00CC485DE}.Release|Any CPU.ActiveCfg = Release|Any CPU
		{0B179637-F8F1-45AB-AD8B-AFD00CC485DE}.Release|Any CPU.Build.0 = Release|Any CPU
		{D6885E9F-7C4C-43F3-BDD5-FE3E2721C802}.Debug|Any CPU.ActiveCfg = Debug|Any CPU
		{D6885E9F-7C4C-43F3-BDD5-FE3E2721C802}.Debug|Any CPU.Build.0 = Debug|Any CPU
		{D6885E9F-7C4C-43F3-BDD5-FE3E2721C802}.Release|Any CPU.ActiveCfg = Release|Any CPU
		{D6885E9F-7C4C-43F3-BDD5-FE3E2721C802}.Release|Any CPU.Build.0 = Release|Any CPU
		{826222F9-D51E-4F50-9882-A3F49950862A}.Debug|Any CPU.ActiveCfg = Debug|Any CPU
		{826222F9-D51E-4F50-9882-A3F49950862A}.Debug|Any CPU.Build.0 = Debug|Any CPU
		{826222F9-D51E-4F50-9882-A3F49950862A}.Release|Any CPU.ActiveCfg = Release|Any CPU
		{826222F9-D51E-4F50-9882-A3F49950862A}.Release|Any CPU.Build.0 = Release|Any CPU
		{FE641DED-CE5A-450A-A44B-72DBF04E285A}.Debug|Any CPU.ActiveCfg = Debug|Any CPU
		{FE641DED-CE5A-450A-A44B-72DBF04E285A}.Debug|Any CPU.Build.0 = Debug|Any CPU
		{FE641DED-CE5A-450A-A44B-72DBF04E285A}.Release|Any CPU.ActiveCfg = Release|Any CPU
		{FE641DED-CE5A-450A-A44B-72DBF04E285A}.Release|Any CPU.Build.0 = Release|Any CPU
		{19F8BD0D-443F-4CCC-A72C-1084F8F5E04E}.Debug|Any CPU.ActiveCfg = Debug|Any CPU
		{19F8BD0D-443F-4CCC-A72C-1084F8F5E04E}.Debug|Any CPU.Build.0 = Debug|Any CPU
		{19F8BD0D-443F-4CCC-A72C-1084F8F5E04E}.Release|Any CPU.ActiveCfg = Release|Any CPU
		{19F8BD0D-443F-4CCC-A72C-1084F8F5E04E}.Release|Any CPU.Build.0 = Release|Any CPU
		{0CD9C85F-2140-4B86-9FBE-1274CD430520}.Debug|Any CPU.ActiveCfg = Debug|Any CPU
		{0CD9C85F-2140-4B86-9FBE-1274CD430520}.Debug|Any CPU.Build.0 = Debug|Any CPU
		{0CD9C85F-2140-4B86-9FBE-1274CD430520}.Release|Any CPU.ActiveCfg = Release|Any CPU
		{0CD9C85F-2140-4B86-9FBE-1274CD430520}.Release|Any CPU.Build.0 = Release|Any CPU
		{C12CE240-1A78-468F-B3BF-F1A75208E21F}.Debug|Any CPU.ActiveCfg = Debug|Any CPU
		{C12CE240-1A78-468F-B3BF-F1A75208E21F}.Debug|Any CPU.Build.0 = Debug|Any CPU
		{C12CE240-1A78-468F-B3BF-F1A75208E21F}.Release|Any CPU.ActiveCfg = Release|Any CPU
		{C12CE240-1A78-468F-B3BF-F1A75208E21F}.Release|Any CPU.Build.0 = Release|Any CPU
		{26773D48-7219-4534-AD75-C01E094CB336}.Debug|Any CPU.ActiveCfg = Debug|Any CPU
		{26773D48-7219-4534-AD75-C01E094CB336}.Debug|Any CPU.Build.0 = Debug|Any CPU
		{26773D48-7219-4534-AD75-C01E094CB336}.Release|Any CPU.ActiveCfg = Release|Any CPU
		{26773D48-7219-4534-AD75-C01E094CB336}.Release|Any CPU.Build.0 = Release|Any CPU
		{A0D15535-5B16-4504-AEA8-D7463DE34D27}.Debug|Any CPU.ActiveCfg = Debug|Any CPU
		{A0D15535-5B16-4504-AEA8-D7463DE34D27}.Debug|Any CPU.Build.0 = Debug|Any CPU
		{A0D15535-5B16-4504-AEA8-D7463DE34D27}.Release|Any CPU.ActiveCfg = Release|Any CPU
		{A0D15535-5B16-4504-AEA8-D7463DE34D27}.Release|Any CPU.Build.0 = Release|Any CPU
		{D2CAC480-5DBF-43BE-8CD8-C6FF263BD684}.Debug|Any CPU.ActiveCfg = Debug|Any CPU
		{D2CAC480-5DBF-43BE-8CD8-C6FF263BD684}.Debug|Any CPU.Build.0 = Debug|Any CPU
		{D2CAC480-5DBF-43BE-8CD8-C6FF263BD684}.Release|Any CPU.ActiveCfg = Release|Any CPU
		{D2CAC480-5DBF-43BE-8CD8-C6FF263BD684}.Release|Any CPU.Build.0 = Release|Any CPU
		{6313229F-4D85-428C-9E70-5DE737BBF84B}.Debug|Any CPU.ActiveCfg = Debug|Any CPU
		{6313229F-4D85-428C-9E70-5DE737BBF84B}.Debug|Any CPU.Build.0 = Debug|Any CPU
		{6313229F-4D85-428C-9E70-5DE737BBF84B}.Release|Any CPU.ActiveCfg = Release|Any CPU
		{6313229F-4D85-428C-9E70-5DE737BBF84B}.Release|Any CPU.Build.0 = Release|Any CPU
		{164EAEE9-78C5-4300-AB53-3208889F7BE1}.Debug|Any CPU.ActiveCfg = Debug|Any CPU
		{164EAEE9-78C5-4300-AB53-3208889F7BE1}.Debug|Any CPU.Build.0 = Debug|Any CPU
		{164EAEE9-78C5-4300-AB53-3208889F7BE1}.Release|Any CPU.ActiveCfg = Release|Any CPU
		{164EAEE9-78C5-4300-AB53-3208889F7BE1}.Release|Any CPU.Build.0 = Release|Any CPU
		{4423269A-714E-4FAC-A15A-072093B4362D}.Debug|Any CPU.ActiveCfg = Debug|Any CPU
		{4423269A-714E-4FAC-A15A-072093B4362D}.Debug|Any CPU.Build.0 = Debug|Any CPU
		{4423269A-714E-4FAC-A15A-072093B4362D}.Release|Any CPU.ActiveCfg = Release|Any CPU
		{4423269A-714E-4FAC-A15A-072093B4362D}.Release|Any CPU.Build.0 = Release|Any CPU
		{5F9D3531-8842-4F43-ADC3-0B0962228833}.Debug|Any CPU.ActiveCfg = Debug|Any CPU
		{5F9D3531-8842-4F43-ADC3-0B0962228833}.Debug|Any CPU.Build.0 = Debug|Any CPU
		{5F9D3531-8842-4F43-ADC3-0B0962228833}.Release|Any CPU.ActiveCfg = Release|Any CPU
		{5F9D3531-8842-4F43-ADC3-0B0962228833}.Release|Any CPU.Build.0 = Release|Any CPU
		{A39BE273-0ED6-4130-BF23-C6B2A3266EF1}.Debug|Any CPU.ActiveCfg = Debug|Any CPU
		{A39BE273-0ED6-4130-BF23-C6B2A3266EF1}.Debug|Any CPU.Build.0 = Debug|Any CPU
		{A39BE273-0ED6-4130-BF23-C6B2A3266EF1}.Release|Any CPU.ActiveCfg = Release|Any CPU
		{A39BE273-0ED6-4130-BF23-C6B2A3266EF1}.Release|Any CPU.Build.0 = Release|Any CPU
		{03460108-FF8E-40A4-90C0-470405700A50}.Debug|Any CPU.ActiveCfg = Debug|Any CPU
		{03460108-FF8E-40A4-90C0-470405700A50}.Debug|Any CPU.Build.0 = Debug|Any CPU
		{03460108-FF8E-40A4-90C0-470405700A50}.Release|Any CPU.ActiveCfg = Release|Any CPU
		{03460108-FF8E-40A4-90C0-470405700A50}.Release|Any CPU.Build.0 = Release|Any CPU
		{1D4E2F34-5428-45A2-9E4D-C2BA59EC025B}.Debug|Any CPU.ActiveCfg = Debug|Any CPU
		{1D4E2F34-5428-45A2-9E4D-C2BA59EC025B}.Debug|Any CPU.Build.0 = Debug|Any CPU
		{1D4E2F34-5428-45A2-9E4D-C2BA59EC025B}.Release|Any CPU.ActiveCfg = Release|Any CPU
		{1D4E2F34-5428-45A2-9E4D-C2BA59EC025B}.Release|Any CPU.Build.0 = Release|Any CPU
		{0291FB11-2D10-4899-8F9A-7B968E72F916}.Debug|Any CPU.ActiveCfg = Debug|Any CPU
		{0291FB11-2D10-4899-8F9A-7B968E72F916}.Debug|Any CPU.Build.0 = Debug|Any CPU
		{0291FB11-2D10-4899-8F9A-7B968E72F916}.Release|Any CPU.ActiveCfg = Release|Any CPU
		{0291FB11-2D10-4899-8F9A-7B968E72F916}.Release|Any CPU.Build.0 = Release|Any CPU
		{224D3957-C06A-4398-92AB-3D7DE6EEACF0}.Debug|Any CPU.ActiveCfg = Debug|Any CPU
		{224D3957-C06A-4398-92AB-3D7DE6EEACF0}.Debug|Any CPU.Build.0 = Debug|Any CPU
		{224D3957-C06A-4398-92AB-3D7DE6EEACF0}.Release|Any CPU.ActiveCfg = Release|Any CPU
		{224D3957-C06A-4398-92AB-3D7DE6EEACF0}.Release|Any CPU.Build.0 = Release|Any CPU
		{A35B86B8-E5E7-43AF-B990-44C2A3C1BB95}.Debug|Any CPU.ActiveCfg = Debug|Any CPU
		{A35B86B8-E5E7-43AF-B990-44C2A3C1BB95}.Debug|Any CPU.Build.0 = Debug|Any CPU
		{A35B86B8-E5E7-43AF-B990-44C2A3C1BB95}.Release|Any CPU.ActiveCfg = Release|Any CPU
		{A35B86B8-E5E7-43AF-B990-44C2A3C1BB95}.Release|Any CPU.Build.0 = Release|Any CPU
		{F05B7C33-5EB4-4601-A496-69C39A946945}.Debug|Any CPU.ActiveCfg = Debug|Any CPU
		{F05B7C33-5EB4-4601-A496-69C39A946945}.Debug|Any CPU.Build.0 = Debug|Any CPU
		{F05B7C33-5EB4-4601-A496-69C39A946945}.Release|Any CPU.ActiveCfg = Release|Any CPU
		{F05B7C33-5EB4-4601-A496-69C39A946945}.Release|Any CPU.Build.0 = Release|Any CPU
		{615B6515-FFA9-443F-BAC0-DEA1163C4B34}.Debug|Any CPU.ActiveCfg = Debug|Any CPU
		{615B6515-FFA9-443F-BAC0-DEA1163C4B34}.Debug|Any CPU.Build.0 = Debug|Any CPU
		{615B6515-FFA9-443F-BAC0-DEA1163C4B34}.Release|Any CPU.ActiveCfg = Release|Any CPU
		{615B6515-FFA9-443F-BAC0-DEA1163C4B34}.Release|Any CPU.Build.0 = Release|Any CPU
		{61F80C94-274B-4EE1-BC49-D52C1962458F}.Debug|Any CPU.ActiveCfg = Debug|Any CPU
		{61F80C94-274B-4EE1-BC49-D52C1962458F}.Debug|Any CPU.Build.0 = Debug|Any CPU
		{61F80C94-274B-4EE1-BC49-D52C1962458F}.Release|Any CPU.ActiveCfg = Release|Any CPU
		{61F80C94-274B-4EE1-BC49-D52C1962458F}.Release|Any CPU.Build.0 = Release|Any CPU
		{F6BD0FCC-FD5F-4349-821A-5A814A175981}.Debug|Any CPU.ActiveCfg = Debug|Any CPU
		{F6BD0FCC-FD5F-4349-821A-5A814A175981}.Debug|Any CPU.Build.0 = Debug|Any CPU
		{F6BD0FCC-FD5F-4349-821A-5A814A175981}.Release|Any CPU.ActiveCfg = Release|Any CPU
		{F6BD0FCC-FD5F-4349-821A-5A814A175981}.Release|Any CPU.Build.0 = Release|Any CPU
		{CB85AC92-6616-4299-8E2F-52543EC94190}.Debug|Any CPU.ActiveCfg = Debug|Any CPU
		{CB85AC92-6616-4299-8E2F-52543EC94190}.Debug|Any CPU.Build.0 = Debug|Any CPU
		{CB85AC92-6616-4299-8E2F-52543EC94190}.Release|Any CPU.ActiveCfg = Release|Any CPU
		{CB85AC92-6616-4299-8E2F-52543EC94190}.Release|Any CPU.Build.0 = Release|Any CPU
	EndGlobalSection
	GlobalSection(SolutionProperties) = preSolution
		HideSolutionNode = FALSE
	EndGlobalSection
	GlobalSection(NestedProjects) = preSolution
		{EF1B3A67-D8EC-4AC8-8A67-61CAC4E7F827} = {7C0406F4-177F-4571-8741-A5EB88DB5B26}
		{0506E513-44F8-424F-A2FB-B228CDF8CDC3} = {7C0406F4-177F-4571-8741-A5EB88DB5B26}
		{AF7B0BBB-A581-4AEA-902A-4E6309009017} = {7C0406F4-177F-4571-8741-A5EB88DB5B26}
		{1D4F95DA-45A5-4B1C-8566-37471553286E} = {7C0406F4-177F-4571-8741-A5EB88DB5B26}
		{FD4B5AC3-5CFE-4DF0-823A-185C3B42187D} = {7C0406F4-177F-4571-8741-A5EB88DB5B26}
		{CD15EDAB-D482-4C43-83DB-BB811D7B0E36} = {7C0406F4-177F-4571-8741-A5EB88DB5B26}
		{CF735B73-D592-405D-8D99-05B54BC9AFC2} = {7C0406F4-177F-4571-8741-A5EB88DB5B26}
		{4FBE1A26-692B-462F-BD79-1F1C701CB518} = {7C0406F4-177F-4571-8741-A5EB88DB5B26}
		{CCA25339-B75B-46DF-ABA1-09DFDD50B3F7} = {7C0406F4-177F-4571-8741-A5EB88DB5B26}
		{64E2EC79-74B8-4E6D-91A4-EC16C6EFF971} = {7C0406F4-177F-4571-8741-A5EB88DB5B26}
		{00E4F20F-E57C-4A7C-B017-B4AB61353F66} = {7C0406F4-177F-4571-8741-A5EB88DB5B26}
		{70E158A0-8EAC-49EC-8F78-553CF2599DB4} = {7C0406F4-177F-4571-8741-A5EB88DB5B26}
		{E81DABD2-91EF-42ED-BB88-CAFD27613D40} = {7C0406F4-177F-4571-8741-A5EB88DB5B26}
		{CC428C60-6D2C-46F3-BCBC-68D94D605C68} = {7C0406F4-177F-4571-8741-A5EB88DB5B26}
		{7A3F48B3-6B6B-4C73-8E6F-9C832C32F7C1} = {7C0406F4-177F-4571-8741-A5EB88DB5B26}
		{A064F3FE-7A7D-49CB-87BB-00540AF37391} = {7C0406F4-177F-4571-8741-A5EB88DB5B26}
		{508AEF2C-5693-431F-93D6-0A5E886A4F43} = {7C0406F4-177F-4571-8741-A5EB88DB5B26}
		{5E800F57-A217-4ADB-94BB-9C9DCE7FA4CD} = {7C0406F4-177F-4571-8741-A5EB88DB5B26}
		{0C8DB3A0-A8DF-4D86-9D90-85AA4F6F0F40} = {7C0406F4-177F-4571-8741-A5EB88DB5B26}
		{C797758C-5603-48AE-9CEC-2555B4D38D65} = {7C0406F4-177F-4571-8741-A5EB88DB5B26}
		{5705C663-534E-44E1-841A-49313F28C814} = {7C0406F4-177F-4571-8741-A5EB88DB5B26}
		{8FC6773C-B300-4EC6-8677-016064683C7C} = {7C0406F4-177F-4571-8741-A5EB88DB5B26}
		{330E7582-362E-4BF3-AFBB-7D85B3659B5C} = {7C0406F4-177F-4571-8741-A5EB88DB5B26}
		{0B99D425-0A9C-43C7-9499-F4754520C9F5} = {7C0406F4-177F-4571-8741-A5EB88DB5B26}
		{F7F34BD3-B2BA-4BB6-9AFC-90D0E3596CAC} = {7C0406F4-177F-4571-8741-A5EB88DB5B26}
		{19A2AE44-6FF1-4948-A05B-350F4BE12E20} = {7C0406F4-177F-4571-8741-A5EB88DB5B26}
		{DE361EAF-DDDF-4A8F-B81D-F36819E49106} = {7C0406F4-177F-4571-8741-A5EB88DB5B26}
		{3F07E1B5-8E65-40EF-A60C-852B0A00DCA3} = {7C0406F4-177F-4571-8741-A5EB88DB5B26}
		{69DA993B-1593-4250-978C-5C769C5E6BE6} = {7C0406F4-177F-4571-8741-A5EB88DB5B26}
		{6839D947-019A-40B1-AF96-9AABBE5DC067} = {7C0406F4-177F-4571-8741-A5EB88DB5B26}
		{B426CB38-FCF4-44BF-B93D-486D0C1618E1} = {7C0406F4-177F-4571-8741-A5EB88DB5B26}
		{9B414A9C-FD34-4225-9602-EEDAFDC6D8C2} = {7C0406F4-177F-4571-8741-A5EB88DB5B26}
		{ED9A327F-C0AE-431D-B8B2-65F62110DEE7} = {7C0406F4-177F-4571-8741-A5EB88DB5B26}
		{AC4DF912-077A-4A9A-8A56-8BFC0CFE54E0} = {7C0406F4-177F-4571-8741-A5EB88DB5B26}
		{B7A641BA-4301-4D1D-9D32-F5CA95254ADA} = {7C0406F4-177F-4571-8741-A5EB88DB5B26}
		{57090BEC-FFEC-45D9-9BD7-401CB8AE4180} = {7C0406F4-177F-4571-8741-A5EB88DB5B26}
		{A72088BF-4E97-49A8-B766-6A9930107F8D} = {7C0406F4-177F-4571-8741-A5EB88DB5B26}
		{CE5D6AC4-F110-4413-B28A-321A81630EA7} = {7C0406F4-177F-4571-8741-A5EB88DB5B26}
		{420D7771-925E-46C9-9346-6F0295214A81} = {7C0406F4-177F-4571-8741-A5EB88DB5B26}
		{AE882EDE-B65D-4568-9645-2A699E92ACBF} = {7C0406F4-177F-4571-8741-A5EB88DB5B26}
		{7AF9E97B-6447-4A55-A9DB-C2BC54A9A418} = {7C0406F4-177F-4571-8741-A5EB88DB5B26}
		{4F21C0A6-E8BD-40BC-8F49-294AFBE89B0D} = {7C0406F4-177F-4571-8741-A5EB88DB5B26}
		{0B179637-F8F1-45AB-AD8B-AFD00CC485DE} = {7C0406F4-177F-4571-8741-A5EB88DB5B26}
		{D6885E9F-7C4C-43F3-BDD5-FE3E2721C802} = {7C0406F4-177F-4571-8741-A5EB88DB5B26}
		{826222F9-D51E-4F50-9882-A3F49950862A} = {7C0406F4-177F-4571-8741-A5EB88DB5B26}
		{FE641DED-CE5A-450A-A44B-72DBF04E285A} = {7C0406F4-177F-4571-8741-A5EB88DB5B26}
		{19F8BD0D-443F-4CCC-A72C-1084F8F5E04E} = {7C0406F4-177F-4571-8741-A5EB88DB5B26}
		{0CD9C85F-2140-4B86-9FBE-1274CD430520} = {7C0406F4-177F-4571-8741-A5EB88DB5B26}
		{C12CE240-1A78-468F-B3BF-F1A75208E21F} = {7C0406F4-177F-4571-8741-A5EB88DB5B26}
		{26773D48-7219-4534-AD75-C01E094CB336} = {7C0406F4-177F-4571-8741-A5EB88DB5B26}
		{A0D15535-5B16-4504-AEA8-D7463DE34D27} = {7C0406F4-177F-4571-8741-A5EB88DB5B26}
		{D2CAC480-5DBF-43BE-8CD8-C6FF263BD684} = {7C0406F4-177F-4571-8741-A5EB88DB5B26}
		{6313229F-4D85-428C-9E70-5DE737BBF84B} = {7C0406F4-177F-4571-8741-A5EB88DB5B26}
		{164EAEE9-78C5-4300-AB53-3208889F7BE1} = {7C0406F4-177F-4571-8741-A5EB88DB5B26}
		{4423269A-714E-4FAC-A15A-072093B4362D} = {7C0406F4-177F-4571-8741-A5EB88DB5B26}
		{5F9D3531-8842-4F43-ADC3-0B0962228833} = {7C0406F4-177F-4571-8741-A5EB88DB5B26}
		{A39BE273-0ED6-4130-BF23-C6B2A3266EF1} = {7C0406F4-177F-4571-8741-A5EB88DB5B26}
		{03460108-FF8E-40A4-90C0-470405700A50} = {7C0406F4-177F-4571-8741-A5EB88DB5B26}
		{1D4E2F34-5428-45A2-9E4D-C2BA59EC025B} = {7C0406F4-177F-4571-8741-A5EB88DB5B26}
		{0291FB11-2D10-4899-8F9A-7B968E72F916} = {7C0406F4-177F-4571-8741-A5EB88DB5B26}
		{224D3957-C06A-4398-92AB-3D7DE6EEACF0} = {7C0406F4-177F-4571-8741-A5EB88DB5B26}
		{A35B86B8-E5E7-43AF-B990-44C2A3C1BB95} = {7C0406F4-177F-4571-8741-A5EB88DB5B26}
		{F05B7C33-5EB4-4601-A496-69C39A946945} = {7C0406F4-177F-4571-8741-A5EB88DB5B26}
		{615B6515-FFA9-443F-BAC0-DEA1163C4B34} = {7C0406F4-177F-4571-8741-A5EB88DB5B26}
		{61F80C94-274B-4EE1-BC49-D52C1962458F} = {7C0406F4-177F-4571-8741-A5EB88DB5B26}
		{F6BD0FCC-FD5F-4349-821A-5A814A175981} = {7C0406F4-177F-4571-8741-A5EB88DB5B26}
		{CB85AC92-6616-4299-8E2F-52543EC94190} = {7C0406F4-177F-4571-8741-A5EB88DB5B26}
	EndGlobalSection
	GlobalSection(ExtensibilityGlobals) = postSolution
		SolutionGuid = {4AA608D7-351A-4872-A7C1-0E41362A6953}
	EndGlobalSection
EndGlobal
