<Solution>
  <Folder Name="/Problems/">
    <Project Path="Problems/3702. Longest Subsequence With Non-Zero Bitwise XOR/3702. Longest Subsequence With Non-Zero Bitwise XOR.csproj" />
    <Project Path="Problems/3090. Maximum Length Substring With Two Occurrences/3090. Maximum Length Substring With Two Occurrences.csproj" />
    <Project Path="Problems/2958. Length of Longest Subarray With at Most K Frequency/2958. Length of Longest Subarray With at Most K Frequency.csproj" />
    <Project Path="Problems/2996. Smallest Missing Integer Greater Than Sequential Prefix Sum/2996. Smallest Missing Integer Greater Than Sequential Prefix Sum.csproj" />
    <Project Path="Problems/628. Maximum Product of Three Numbers/628. Maximum Product of Three Numbers.csproj" />
    <Project Path="Problems/3014. Minimum Number of Pushes to Type Word I/3014. Minimum Number of Pushes to Type Word I.csproj" />
    <Project Path="Problems/3731. Find Missing Elements/3731. Find Missing Elements.csproj" />
    <Project Path="Problems/3517. Smallest Palindromic Rearrangement I/3517. Smallest Palindromic Rearrangement I.csproj" />
    <Project Path="Problems/3513. Number of Unique XOR Triplets I/3513. Number of Unique XOR Triplets I.csproj" />
    <Project Path="Problems/1260. Shift 2D Grid/1260. Shift 2D Grid.csproj" />
    <Project Path="Problems/1979. Find Greatest Common Divisor of Array/1979. Find Greatest Common Divisor of Array.csproj" />
    <Project Path="Problems/3867. Sum of GCD of Formed Pairs/3867. Sum of GCD of Formed Pairs.csproj" />
    <Project Path="Problems/653. Two Sum IV - Input is a BST/653. Two Sum IV - Input is a BST.csproj" />
    <Project Path="Problems/1291. Sequential Digits/1291. Sequential Digits.csproj" />
    <Project Path="Problems/3614. Process String with Special Operations II/3614. Process String with Special Operations II.csproj" />
  </Folder>
  <Folder Name="/Test/">
    <Project Path="Test/LeetCodeDaily.Runner/LeetCodeDaily.Runner.csproj" />
    <Project Path="Test/LeetCodeDaily.Tests/LeetCodeDaily.Tests.csproj" />
  </Folder>
  <Folder Name="/Tools/">
    <Project Path="Tools/LeetCodeDaily.Scaffold/LeetCodeDaily.Scaffold.csproj" />
  </Folder>
  <Project Path="LeetCodeDaily/LeetCodeDaily.csproj" />
</Solution>
