
Microsoft Visual Studio Solution File, Format Version 12.00
# Visual Studio Version 17
VisualStudioVersion = 17.10.35027.167
MinimumVisualStudioVersion = 10.0.40219.1
Project("{9A19103F-16F7-4668-BE54-9A1E7A4F7556}") = "LeetCodeDaily", "LeetCodeDaily\LeetCodeDaily.csproj", "{C2342A45-EC9E-4368-A7CE-29333AD54101}"
EndProject
Project("{2150E333-8FDC-42A3-9474-1A3956D46DE8}") = "Problems", "Problems", "{7C0406F4-177F-4571-8741-A5EB88DB5B26}"
EndProject
Project("{9A19103F-16F7-4668-BE54-9A1E7A4F7556}") = "2191. Sort the Jumbled Numbers", "Problems\2191. Sort the Jumbled Numbers\2191. Sort the Jumbled Numbers.csproj", "{EF1B3A67-D8EC-4AC8-8A67-61CAC4E7F827}"
EndProject
Project("{9A19103F-16F7-4668-BE54-9A1E7A4F7556}") = "14. Longest Common Prefix", "Problems\14. Longest Common Prefix\14. Longest Common Prefix.csproj", "{0506E513-44F8-424F-A2FB-B228CDF8CDC3}"
EndProject
Project("{9A19103F-16F7-4668-BE54-9A1E7A4F7556}") = "2094. Finding 3-Digit Even Numbers", "Problems\2094. Finding 3-Digit Even Numbers\2094. Finding 3-Digit Even Numbers.csproj", "{AF7B0BBB-A581-4AEA-902A-4E6309009017}"
EndProject
Project("{9A19103F-16F7-4668-BE54-9A1E7A4F7556}") = "2108. Find First Palindromic String in the Array", "Problems\2108. Find First Palindromic String in the Array\2108. Find First Palindromic String in the Array.csproj", "{1D4F95DA-45A5-4B1C-8566-37471553286E}"
EndProject
Project("{9A19103F-16F7-4668-BE54-9A1E7A4F7556}") = "2181. Merge Nodes in Between Zeros", "Problems\2181. Merge Nodes in Between Zeros\2181. Merge Nodes in Between Zeros.csproj", "{FD4B5AC3-5CFE-4DF0-823A-185C3B42187D}"
EndProject
Project("{9A19103F-16F7-4668-BE54-9A1E7A4F7556}") = "706. Design HashMap", "Problems\706. Design HashMap\706. Design HashMap.csproj", "{CD15EDAB-D482-4C43-83DB-BB811D7B0E36}"
EndProject
Project("{9A19103F-16F7-4668-BE54-9A1E7A4F7556}") = "278. First Bad Version", "Problems\278. First Bad Version\278. First Bad Version.csproj", "{CF735B73-D592-405D-8D99-05B54BC9AFC2}"
EndProject
Project("{9A19103F-16F7-4668-BE54-9A1E7A4F7556}") = "217. Contains Duplicate", "Problems\217. Contains Duplicate\217. Contains Duplicate.csproj", "{4FBE1A26-692B-462F-BD79-1F1C701CB518}"
EndProject
Project("{9A19103F-16F7-4668-BE54-9A1E7A4F7556}") = "476. Number Complement", "Problems\476. Number Complement\476. Number Complement.csproj", "{CCA25339-B75B-46DF-ABA1-09DFDD50B3F7}"
EndProject
Project("{9A19103F-16F7-4668-BE54-9A1E7A4F7556}") = "200. Number of Islands", "Problems\200. Number of Islands\200. Number of Islands.csproj", "{64E2EC79-74B8-4E6D-91A4-EC16C6EFF971}"
EndProject
Project("{9A19103F-16F7-4668-BE54-9A1E7A4F7556}") = "20. Valid Parentheses", "Problems\20. Valid Parentheses\20. Valid Parentheses.csproj", "{00E4F20F-E57C-4A7C-B017-B4AB61353F66}"
EndProject
Project("{9A19103F-16F7-4668-BE54-9A1E7A4F7556}") = "35. Search Insert Position", "Problems\35. Search Insert Position\35. Search Insert Position.csproj", "{70E158A0-8EAC-49EC-8F78-553CF2599DB4}"
EndProject
Project("{9A19103F-16F7-4668-BE54-9A1E7A4F7556}") = "1894. Find the Student that Will Replace the Chalk", "Problems\1894. Find the Student that Will Replace the Chalk\1894. Find the Student that Will Replace the Chalk.csproj", "{E81DABD2-91EF-42ED-BB88-CAFD27613D40}"
EndProject
Project("{9A19103F-16F7-4668-BE54-9A1E7A4F7556}") = "1945. Sum of Digits of String After Convert", "Problems\1945. Sum of Digits of String After Convert\1945. Sum of Digits of String After Convert.csproj", "{CC428C60-6D2C-46F3-BCBC-68D94D605C68}"
EndProject
Project("{9A19103F-16F7-4668-BE54-9A1E7A4F7556}") = "1941. Check if All Characters Have Equal Number of Occurrences", "Problems\1941. Check if All Characters Have Equal Number of Occurrences\1941. Check if All Characters Have Equal Number of Occurrences.csproj", "{7A3F48B3-6B6B-4C73-8E6F-9C832C32F7C1}"
EndProject
Project("{9A19103F-16F7-4668-BE54-9A1E7A4F7556}") = "58. Length of Last Word", "Problems\58. Length of Last Word\58. Length of Last Word.csproj", "{A064F3FE-7A7D-49CB-87BB-00540AF37391}"
EndProject
Project("{FAE04EC0-301F-11D3-BF4B-00C04F79EFBC}") = "874. Walking Robot Simulation", "Problems\874. Walking Robot Simulation\874. Walking Robot Simulation.csproj", "{508AEF2C-5693-431F-93D6-0A5E886A4F43}"
EndProject
Global
	GlobalSection(SolutionConfigurationPlatforms) = preSolution
		Debug|Any CPU = Debug|Any CPU
		Release|Any CPU = Release|Any CPU
	EndGlobalSection
	GlobalSection(ProjectConfigurationPlatforms) = postSolution
		{C2342A45-EC9E-4368-A7CE-29333AD54101}.Debug|Any CPU.ActiveCfg = Debug|Any CPU
		{C2342A45-EC9E-4368-A7CE-29333AD54101}.Debug|Any CPU.Build.0 = Debug|Any CPU
		{C2342A45-EC9E-4368-A7CE-29333AD54101}.Release|Any CPU.ActiveCfg = Release|Any CPU
		{C2342A45-EC9E-4368-A7CE-29333AD54101}.Release|Any CPU.Build.0 = Release|Any CPU
		{EF1B3A67-D8EC-4AC8-8A67-61CAC4E7F827}.Debug|Any CPU.ActiveCfg = Debug|Any CPU
		{EF1B3A67-D8EC-4AC8-8A67-61CAC4E7F827}.Debug|Any CPU.Build.0 = Debug|Any CPU
		{EF1B3A67-D8EC-4AC8-8A67-61CAC4E7F827}.Release|Any CPU.ActiveCfg = Release|Any CPU
		{EF1B3A67-D8EC-4AC8-8A67-61CAC4E7F827}.Release|Any CPU.Build.0 = Release|Any CPU
		{0506E513-44F8-424F-A2FB-B228CDF8CDC3}.Debug|Any CPU.ActiveCfg = Debug|Any CPU
		{0506E513-44F8-424F-A2FB-B228CDF8CDC3}.Debug|Any CPU.Build.0 = Debug|Any CPU
		{0506E513-44F8-424F-A2FB-B228CDF8CDC3}.Release|Any CPU.ActiveCfg = Release|Any CPU
		{0506E513-44F8-424F-A2FB-B228CDF8CDC3}.Release|Any CPU.Build.0 = Release|Any CPU
		{AF7B0BBB-A581-4AEA-902A-4E6309009017}.Debug|Any CPU.ActiveCfg = Debug|Any CPU
		{AF7B0BBB-A581-4AEA-902A-4E6309009017}.Debug|Any CPU.Build.0 = Debug|Any CPU
		{AF7B0BBB-A581-4AEA-902A-4E6309009017}.Release|Any CPU.ActiveCfg = Release|Any CPU
		{AF7B0BBB-A581-4AEA-902A-4E6309009017}.Release|Any CPU.Build.0 = Release|Any CPU
		{1D4F95DA-45A5-4B1C-8566-37471553286E}.Debug|Any CPU.ActiveCfg = Debug|Any CPU
		{1D4F95DA-45A5-4B1C-8566-37471553286E}.Debug|Any CPU.Build.0 = Debug|Any CPU
		{1D4F95DA-45A5-4B1C-8566-37471553286E}.Release|Any CPU.ActiveCfg = Release|Any CPU
		{1D4F95DA-45A5-4B1C-8566-37471553286E}.Release|Any CPU.Build.0 = Release|Any CPU
		{FD4B5AC3-5CFE-4DF0-823A-185C3B42187D}.Debug|Any CPU.ActiveCfg = Debug|Any CPU
		{FD4B5AC3-5CFE-4DF0-823A-185C3B42187D}.Debug|Any CPU.Build.0 = Debug|Any CPU
		{FD4B5AC3-5CFE-4DF0-823A-185C3B42187D}.Release|Any CPU.ActiveCfg = Release|Any CPU
		{FD4B5AC3-5CFE-4DF0-823A-185C3B42187D}.Release|Any CPU.Build.0 = Release|Any CPU
		{CD15EDAB-D482-4C43-83DB-BB811D7B0E36}.Debug|Any CPU.ActiveCfg = Debug|Any CPU
		{CD15EDAB-D482-4C43-83DB-BB811D7B0E36}.Debug|Any CPU.Build.0 = Debug|Any CPU
		{CD15EDAB-D482-4C43-83DB-BB811D7B0E36}.Release|Any CPU.ActiveCfg = Release|Any CPU
		{CD15EDAB-D482-4C43-83DB-BB811D7B0E36}.Release|Any CPU.Build.0 = Release|Any CPU
		{CF735B73-D592-405D-8D99-05B54BC9AFC2}.Debug|Any CPU.ActiveCfg = Debug|Any CPU
		{CF735B73-D592-405D-8D99-05B54BC9AFC2}.Debug|Any CPU.Build.0 = Debug|Any CPU
		{CF735B73-D592-405D-8D99-05B54BC9AFC2}.Release|Any CPU.ActiveCfg = Release|Any CPU
		{CF735B73-D592-405D-8D99-05B54BC9AFC2}.Release|Any CPU.Build.0 = Release|Any CPU
		{4FBE1A26-692B-462F-BD79-1F1C701CB518}.Debug|Any CPU.ActiveCfg = Debug|Any CPU
		{4FBE1A26-692B-462F-BD79-1F1C701CB518}.Debug|Any CPU.Build.0 = Debug|Any CPU
		{4FBE1A26-692B-462F-BD79-1F1C701CB518}.Release|Any CPU.ActiveCfg = Release|Any CPU
		{4FBE1A26-692B-462F-BD79-1F1C701CB518}.Release|Any CPU.Build.0 = Release|Any CPU
		{CCA25339-B75B-46DF-ABA1-09DFDD50B3F7}.Debug|Any CPU.ActiveCfg = Debug|Any CPU
		{CCA25339-B75B-46DF-ABA1-09DFDD50B3F7}.Debug|Any CPU.Build.0 = Debug|Any CPU
		{CCA25339-B75B-46DF-ABA1-09DFDD50B3F7}.Release|Any CPU.ActiveCfg = Release|Any CPU
		{CCA25339-B75B-46DF-ABA1-09DFDD50B3F7}.Release|Any CPU.Build.0 = Release|Any CPU
		{64E2EC79-74B8-4E6D-91A4-EC16C6EFF971}.Debug|Any CPU.ActiveCfg = Debug|Any CPU
		{64E2EC79-74B8-4E6D-91A4-EC16C6EFF971}.Debug|Any CPU.Build.0 = Debug|Any CPU
		{64E2EC79-74B8-4E6D-91A4-EC16C6EFF971}.Release|Any CPU.ActiveCfg = Release|Any CPU
		{64E2EC79-74B8-4E6D-91A4-EC16C6EFF971}.Release|Any CPU.Build.0 = Release|Any CPU
		{00E4F20F-E57C-4A7C-B017-B4AB61353F66}.Debug|Any CPU.ActiveCfg = Debug|Any CPU
		{00E4F20F-E57C-4A7C-B017-B4AB61353F66}.Debug|Any CPU.Build.0 = Debug|Any CPU
		{00E4F20F-E57C-4A7C-B017-B4AB61353F66}.Release|Any CPU.ActiveCfg = Release|Any CPU
		{00E4F20F-E57C-4A7C-B017-B4AB61353F66}.Release|Any CPU.Build.0 = Release|Any CPU
		{70E158A0-8EAC-49EC-8F78-553CF2599DB4}.Debug|Any CPU.ActiveCfg = Debug|Any CPU
		{70E158A0-8EAC-49EC-8F78-553CF2599DB4}.Debug|Any CPU.Build.0 = Debug|Any CPU
		{70E158A0-8EAC-49EC-8F78-553CF2599DB4}.Release|Any CPU.ActiveCfg = Release|Any CPU
		{70E158A0-8EAC-49EC-8F78-553CF2599DB4}.Release|Any CPU.Build.0 = Release|Any CPU
		{E81DABD2-91EF-42ED-BB88-CAFD27613D40}.Debug|Any CPU.ActiveCfg = Debug|Any CPU
		{E81DABD2-91EF-42ED-BB88-CAFD27613D40}.Debug|Any CPU.Build.0 = Debug|Any CPU
		{E81DABD2-91EF-42ED-BB88-CAFD27613D40}.Release|Any CPU.ActiveCfg = Release|Any CPU
		{E81DABD2-91EF-42ED-BB88-CAFD27613D40}.Release|Any CPU.Build.0 = Release|Any CPU
		{CC428C60-6D2C-46F3-BCBC-68D94D605C68}.Debug|Any CPU.ActiveCfg = Debug|Any CPU
		{CC428C60-6D2C-46F3-BCBC-68D94D605C68}.Debug|Any CPU.Build.0 = Debug|Any CPU
		{CC428C60-6D2C-46F3-BCBC-68D94D605C68}.Release|Any CPU.ActiveCfg = Release|Any CPU
		{CC428C60-6D2C-46F3-BCBC-68D94D605C68}.Release|Any CPU.Build.0 = Release|Any CPU
		{7A3F48B3-6B6B-4C73-8E6F-9C832C32F7C1}.Debug|Any CPU.ActiveCfg = Debug|Any CPU
		{7A3F48B3-6B6B-4C73-8E6F-9C832C32F7C1}.Debug|Any CPU.Build.0 = Debug|Any CPU
		{7A3F48B3-6B6B-4C73-8E6F-9C832C32F7C1}.Release|Any CPU.ActiveCfg = Release|Any CPU
		{7A3F48B3-6B6B-4C73-8E6F-9C832C32F7C1}.Release|Any CPU.Build.0 = Release|Any CPU
		{A064F3FE-7A7D-49CB-87BB-00540AF37391}.Debug|Any CPU.ActiveCfg = Debug|Any CPU
		{A064F3FE-7A7D-49CB-87BB-00540AF37391}.Debug|Any CPU.Build.0 = Debug|Any CPU
		{A064F3FE-7A7D-49CB-87BB-00540AF37391}.Release|Any CPU.ActiveCfg = Release|Any CPU
		{A064F3FE-7A7D-49CB-87BB-00540AF37391}.Release|Any CPU.Build.0 = Release|Any CPU
		{508AEF2C-5693-431F-93D6-0A5E886A4F43}.Debug|Any CPU.ActiveCfg = Debug|Any CPU
		{508AEF2C-5693-431F-93D6-0A5E886A4F43}.Debug|Any CPU.Build.0 = Debug|Any CPU
		{508AEF2C-5693-431F-93D6-0A5E886A4F43}.Release|Any CPU.ActiveCfg = Release|Any CPU
		{508AEF2C-5693-431F-93D6-0A5E886A4F43}.Release|Any CPU.Build.0 = Release|Any CPU
	EndGlobalSection
	GlobalSection(SolutionProperties) = preSolution
		HideSolutionNode = FALSE
	EndGlobalSection
	GlobalSection(NestedProjects) = preSolution
		{EF1B3A67-D8EC-4AC8-8A67-61CAC4E7F827} = {7C0406F4-177F-4571-8741-A5EB88DB5B26}
		{0506E513-44F8-424F-A2FB-B228CDF8CDC3} = {7C0406F4-177F-4571-8741-A5EB88DB5B26}
		{AF7B0BBB-A581-4AEA-902A-4E6309009017} = {7C0406F4-177F-4571-8741-A5EB88DB5B26}
		{1D4F95DA-45A5-4B1C-8566-37471553286E} = {7C0406F4-177F-4571-8741-A5EB88DB5B26}
		{FD4B5AC3-5CFE-4DF0-823A-185C3B42187D} = {7C0406F4-177F-4571-8741-A5EB88DB5B26}
		{CD15EDAB-D482-4C43-83DB-BB811D7B0E36} = {7C0406F4-177F-4571-8741-A5EB88DB5B26}
		{CF735B73-D592-405D-8D99-05B54BC9AFC2} = {7C0406F4-177F-4571-8741-A5EB88DB5B26}
		{4FBE1A26-692B-462F-BD79-1F1C701CB518} = {7C0406F4-177F-4571-8741-A5EB88DB5B26}
		{CCA25339-B75B-46DF-ABA1-09DFDD50B3F7} = {7C0406F4-177F-4571-8741-A5EB88DB5B26}
		{64E2EC79-74B8-4E6D-91A4-EC16C6EFF971} = {7C0406F4-177F-4571-8741-A5EB88DB5B26}
		{00E4F20F-E57C-4A7C-B017-B4AB61353F66} = {7C0406F4-177F-4571-8741-A5EB88DB5B26}
		{70E158A0-8EAC-49EC-8F78-553CF2599DB4} = {7C0406F4-177F-4571-8741-A5EB88DB5B26}
		{E81DABD2-91EF-42ED-BB88-CAFD27613D40} = {7C0406F4-177F-4571-8741-A5EB88DB5B26}
		{CC428C60-6D2C-46F3-BCBC-68D94D605C68} = {7C0406F4-177F-4571-8741-A5EB88DB5B26}
		{7A3F48B3-6B6B-4C73-8E6F-9C832C32F7C1} = {7C0406F4-177F-4571-8741-A5EB88DB5B26}
		{A064F3FE-7A7D-49CB-87BB-00540AF37391} = {7C0406F4-177F-4571-8741-A5EB88DB5B26}
		{508AEF2C-5693-431F-93D6-0A5E886A4F43} = {7C0406F4-177F-4571-8741-A5EB88DB5B26}
	EndGlobalSection
	GlobalSection(ExtensibilityGlobals) = postSolution
		SolutionGuid = {4AA608D7-351A-4872-A7C1-0E41362A6953}
	EndGlobalSection
EndGlobal
